version = 1
revision = 3
requires-python = ">=3.11"

[[package]]
name = "colorama"
version = "0.4.6"
source = { registry = "https://pypi.org/simple" }
sdist = { url = "https://files.pythonhosted.org/packages/d8/53/6f443c9a4a8358a93a6792e2acffb9d9d5cb0a5cfd8802644b7b1c9a02e4/colorama-0.4.6.tar.gz", hash = "sha256:08695f5cb7ed6e0531a20572697297273c47b8cae5a63ffc6d6ed5c201be6e44", size = 27697, upload-time = "2022-10-25T02:36:22.414Z" }
wheels = [
    { url = "https://files.pythonhosted.org/packages/d1/d6/3965ed04c63042e047cb6a3e6ed1a63a35087b6a609aa3a15ed8ac56c221/colorama-0.4.6-py2.py3-none-any.whl", hash = "sha256:4f1d9991f5acc0ca119f9d443620b77f9d6b33703e51011c16baf57afb285fc6", size = 25335, upload-time = "2022-10-25T02:36:20.889Z" },
]

[[package]]
name = "hotcal"
version = "0.1.0"
source = { editable = "." }

[package.optional-dependencies]
test = [
    { name = "hypothesis" },
    { name = "pytest" },
]

[package.metadata]
requires-dist = [
    { name = "hypothesis", marker = "extra == 'test'" },
    { name = "pytest", marker = "extra == 'test'" },
]
provides-extras = ["test"]

[[package]]
name = "hypothesis"
version = "6.161.7"
source = { registry = "https://pypi.org/simple" }
dependencies = [
    { name = "sortedcontainers" },
]
sdist = { url = "https://files.pythonhosted.org/packages/ac/10/d7bf280b6fc39caa4357299d0305f34bbd1c6e510219785de34515db7b1f/hypothesis-6.161.7.tar.gz", hash = "sha256:05dfa54c44d5c4a768c9aa8e3126824f8f9aa83f6691706abaf7fc3ee010b053", size = 487497, upload-time = "2026-07-27T18:13:11.914Z" }
wheels = [
    { url = "https://files.pythonhosted.org/packages/aa/bd/bbdd25a4ee085d7e700f9e40192f948ca41c371c568603cb0bdbe6759db7/hypothesis-6.161.7-cp310-abi3-macosx_10_12_x86_64.whl", hash = "sha256:a75701f6f19845179626af0ea01786f420e18e46aa6fe93afc5aff4d2b67deab", size = 767862, upload-time = "2026-07-27T18:12:12.287Z" },
    { url = "https://files.pythonhosted.org/packages/84/85/08bb9aadf4664289cb046ff3cc7aa6d28b67ed53415e3cb3e137a082f62d/hypothesis-6.161.7-cp310-abi3-macosx_11_0_arm64.whl", hash = "sha256:9664c959797c24a94f35a4bfcb1d1a77ae68724511fe51e0773900115e3fab02", size = 763378, upload-time = "2026-07-27T18:13:06.471Z" },
    { url = "https://files.pythonhosted.org/packages/0b/97/cf847612e5c3732c4c8001ced53664bb61276cbcd110798efe8538739deb/hypothesis-6.161.7-cp310-abi3-manylinux_2_17_aarch64.manylinux2014_aarch64.whl", hash = "sha256:95d79e212d050976c876ded605ea940188de27e27795700528b5da83b8083902", size = 1092638, upload-time = "2026-07-27T18:12:54.701Z" },
    { url = "https://files.pythonhosted.org/packages/0b/80/fa8f69b0768732ac13255207125d98b468f64015a88f18a0a51ccfa831e9/hypothesis-6.161.7-cp310-abi3-manylinux_2_17_armv7l.manylinux2014_armv7l.whl", hash = "sha256:647e0ee95c5ac0237652c08a250251d5001bdd96e7f7be50a28ff5ebc428b071", size = 1121253, upload-time = "2026-07-27T18:12:59.623Z" },
    { url = "https://files.pythonhosted.org/packages/b0/c2/4e9ba770f82b1cd623cc50beccba245e94ee48b286b48a78fe0fe534f7b0/hypothesis-6.161.7-cp310-abi3-manylinux_2_17_x86_64.manylinux2014_x86_64.whl", hash = "sha256:b83b15fa73be5768f953fd8c8d184ff8a1378c8fa7fb46b8bfa73cd863b2cc12", size = 1142124, upload-time = "2026-07-27T18:12:56.313Z" },
    { url = "https://files.pythonhosted.org/packages/74/bf/51d66793266370f88a6466f8c7de649e7e8cd508cf35c4190f5aeb77511a/hypothesis-6.161.7-cp310-abi3-manylinux_2_31_riscv64.whl", hash = "sha256:ca577107d26cf4bf3fc10d0cee6717e3f4449108a040fed9f88bc2e5f289c08f", size = 1097466, upload-time = "2026-07-27T18:12:08.455Z" },
    { url = "https://files.pythonhosted.org/packages/a6/8c/80d851c4d974df44e689e3e15f9ff36e215f7bdc2788d03f9907f3c81d76/hypothesis-6.161.7-cp310-abi3-manylinux_2_5_i686.manylinux1_i686.whl", hash = "sha256:c2843a0477d4c9707781bf850759638a9d7e8534733199c03328831ae0e10ef3", size = 1134251, upload-time = "2026-07-27T18:12:10.926Z" },
    { url = "https://files.pythonhosted.org/packages/40/47/a3d220a4696c7039ccb56f2f6404e31b159fe498667ee04fae7615aaf9b4/hypothesis-6.161.7-cp310-abi3-musllinux_1_2_aarch64.whl", hash = "sha256:ad1024dca7884d536f755238675ae482021fbaa22525fdfc31ee7729109a1a51", size = 1266462, upload-time = "2026-07-27T18:11:51.72Z" },
    { url = "https://files.pythonhosted.org/packages/7c/fd/d9945a0c7d8a4cd4fff4c20c39d9652d45725c48f9f9b2818f3ff8a4c7b6/hypothesis-6.161.7-cp310-abi3-musllinux_1_2_armv7l.whl", hash = "sha256:87b8610c6ddde10918609b465ea658d8fac83c854c78c8d2e7fd9a7088bcc1ec", size = 1394301, upload-time = "2026-07-27T18:12:13.581Z" },
    { url = "https://files.pythonhosted.org/packages/ba/6c/6ed67369b325db449b07a86c6dc41f5b9f1eced90e26b1da3b53d21e9a78/hypothesis-6.161.7-cp310-abi3-musllinux_1_2_riscv64.whl", hash = "sha256:f72e92ce35bb1634d7677527e76c82f5f184967375f339d4454332be1b3919c7", size = 1266937, upload-time = "2026-07-27T18:12:23.917Z" },
    { url = "https://files.pythonhosted.org/packages/db/5a/5ad9a68c8501a6a84bb3dca340dedb7ca01d4cd66bd3156a2942fe197dd2/hypothesis-6.161.7-cp310-abi3-musllinux_1_2_x86_64.whl", hash = "sha256:16789501937edecee94c74e55b18f2f8853bff14bb875a7ba2b77eb5a235a761", size = 1309133, upload-time = "2026-07-27T18:12:04.441Z" },
    { url = "https://files.pythonhosted.org/packages/e3/fa/ee67ecd25842a09f102885750bb7b2793a38abfd10423e266fb7c7b5cbed/hypothesis-6.161.7-cp310-abi3-win32.whl", hash = "sha256:10fd14c455bc31a6efc81f611a67f247fe5e0d864db36f6e32edef91b67191f2", size = 653681, upload-time = "2026-07-27T18:12:40.628Z" },
    { url = "https://files.pythonhosted.org/packages/b9/5d/35a5950ad1003625dac50ee37c9978c05359e0e9be2ed95aa8d4d6635aa5/hypothesis-6.161.7-cp310-abi3-win_amd64.whl", hash = "sha256:df83beb4fc030e73741f5720dde19a887c1d8b947209d9995d9f0427cc0c25c1", size = 659809, upload-time = "2026-07-27T18:12:21.074Z" },
    { url = "https://files.pythonhosted.org/packages/bc/d2/b0b60922c5d2770a8e4a31a05ab5e90443b00dda61d4384b7b8ee016719b/hypothesis-6.161.7-cp311-cp311-macosx_10_12_x86_64.whl", hash = "sha256:ff04c912e96729c8e44fa8deb1814dde5230bc58fe242766c427a1b43de9c2ff", size = 768303, upload-time = "2026-07-27T18:12:28.312Z" },
    { url = "https://files.pythonhosted.org/packages/d6/7c/4fde9a9edae729253492d1a0f583d8f55b0ac6c755cd7685638dd4e21873/hypothesis-6.161.7-cp311-cp311-macosx_11_0_arm64.whl", hash = "sha256:e6fc5a4b4bc74531e025ad6cec82c68b9efabe285832acfcbdebbc117cc4a3d1", size = 764095, upload-time = "2026-07-27T18:12:09.714Z" },
    { url = "https://files.pythonhosted.org/packages/cd/5d/526c24c0a64f8100f9c47ad056cfb0949958b9618c3dc1744c3fdb2d5a67/hypothesis-6.161.7-cp311-cp311-manylinux_2_17_aarch64.manylinux2014_aarch64.whl", hash = "sha256:f748216067866267690b27d72dedd4c2aae3c18e725acfb1eb6dce927954b562", size = 1092987, upload-time = "2026-07-27T18:11:56.33Z" },
    { url = "https://files.pythonhosted.org/packages/3f/65/91bfb6c6a09a7331c4a8c638f56de6d8a9050f84feb1da7e06f3d63322b1/hypothesis-6.161.7-cp311-cp311-manylinux_2_17_x86_64.manylinux2014_x86_64.whl", hash = "sha256:15bdc35116f240ea31be345ab40438ff66ff96ef84fbfc38ae2f0c4fb223f46c", size = 1142457, upload-time = "2026-07-27T18:12:31.296Z" },
    { url = "https://files.pythonhosted.org/packages/6d/f2/7b6e039bef90c31129bf2b20909064e333cdc2197407c61d210f11406962/hypothesis-6.161.7-cp311-cp311-musllinux_1_2_aarch64.whl", hash = "sha256:e41f0458cd38b0c0048693e8505af0a62d5f80738bc8d4bce606d6a3d6703a1d", size = 1266813, upload-time = "2026-07-27T18:11:58.959Z" },
    { url = "https://files.pythonhosted.org/packages/a6/33/36701554db7f8be3a65735854fc673613759abf27db3579ce2b6dd792ae2/hypothesis-6.161.7-cp311-cp311-musllinux_1_2_x86_64.whl", hash = "sha256:f34a0f1770d95bdf08cce171bae8dd51f555f07acae56b535f3757367c8cafea", size = 1309465, upload-time = "2026-07-27T18:12:03.259Z" },
    { url = "https://files.pythonhosted.org/packages/23/45/70f102fbca619e9f3b9c3c3d9de84c7ca11fec74ace6db536db478703a1f/hypothesis-6.161.7-cp311-cp311-win_amd64.whl", hash = "sha256:8a45dc8d89126a7d8aba25511d0a335cc1f1760c25e53ccc4f488ee5f9bf1299", size = 659557, upload-time = "2026-07-27T18:12:01.535Z" },
    { url = "https://files.pythonhosted.org/packages/d3/43/32f714dff7d345bd311d86b7c9dcda0dfd8172777324a5258e25f06cb3bb/hypothesis-6.161.7-cp312-cp312-macosx_10_12_x86_64.whl", hash = "sha256:20d9babcc7f4bad888a05e696b08d38c0b82933fa3c9e72f959f21b9f85f6565", size = 769386, upload-time = "2026-07-27T18:11:49.341Z" },
    { url = "https://files.pythonhosted.org/packages/6e/8d/3e38893cc179bc88b004aed61f89102cc8c9b6476b541f0393e87291c03a/hypothesis-6.161.7-cp312-cp312-macosx_11_0_arm64.whl", hash = "sha256:535a61185141736f19cbfcdf92232fa33b3b373830ae310782eee8e3b7309a2b", size = 760999, upload-time = "2026-07-27T18:12:34.08Z" },
    { url = "https://files.pythonhosted.org/packages/be/ad/c57fb6ba72098e6534d937f8fab136eec8e5e7c505b8d327732c832d52e5/hypothesis-6.161.7-cp312-cp312-manylinux_2_17_aarch64.manylinux2014_aarch64.whl", hash = "sha256:db34ec364a66c6fb0298fda6ce39d75ae22be26579d2f73896eaaa5b3975a27a", size = 1091439, upload-time = "2026-07-27T18:12:37.233Z" },
    { url = "https://files.pythonhosted.org/packages/81/ee/9e51d20effa3764cbc49e7b27b6a67e051f46186e9ef3cf9f2216340e4f0/hypothesis-6.161.7-cp312-cp312-manylinux_2_17_x86_64.manylinux2014_x86_64.whl", hash = "sha256:075e4e4a3011093a639e1bd96eb1ffa148bece79f0cf3a1df6040b1a0135d30a", size = 1141479, upload-time = "2026-07-27T18:11:42.621Z" },
    { url = "https://files.pythonhosted.org/packages/64/b2/3d0e22748c6879935e6404969fa3bc92f8892ff168bc8a5ab5b95d7eff7a/hypothesis-6.161.7-cp312-cp312-musllinux_1_2_aarch64.whl", hash = "sha256:ce8cdbe720ac53e53c5363ae0af6391c8a20f0aedb263a6a7dd11e5037c63883", size = 1264260, upload-time = "2026-07-27T18:12:05.851Z" },
    { url = "https://files.pythonhosted.org/packages/9f/ba/3cecfb0664d15ea1029adb9639c570e3f9eaec7e152da193207b9d82d86b/hypothesis-6.161.7-cp312-cp312-musllinux_1_2_x86_64.whl", hash = "sha256:d22b8819f169d4b2ed954bbc9ae4438e28f2587ebcce4bf71b132021e45da019", size = 1308476, upload-time = "2026-07-27T18:12:49.85Z" },
    { url = "https://files.pythonhosted.org/packages/03/98/8ab078c9e093b6e5c5eced2871079e106c7963e8f56d5b2d21752b530d31/hypothesis-6.161.7-cp312-cp312-win_amd64.whl", hash = "sha256:5430789550b171bfc39804fc86710dad8386b4d0fe645cc35c6fa3b801626cf8", size = 656973, upload-time = "2026-07-27T18:12:58.029Z" },
    { url = "https://files.pythonhosted.org/packages/f7/a9/2a414273a9bbe6e3fbcb2a2127b003566a3d5de72de492e647c8d68504cf/hypothesis-6.161.7-cp313-cp313-macosx_10_12_x86_64.whl", hash = "sha256:12b45f82c6eaf58ac058bfb5471dbd372054ef5b8dbc2f2a45faa0b6efa81ead", size = 769276, upload-time = "2026-07-27T18:12:00.29Z" },
    { url = "https://files.pythonhosted.org/packages/7c/86/bf976a5233b846a8b62f83df2dd691706b4a735c8699a89109826ee7c4b0/hypothesis-6.161.7-cp313-cp313-macosx_11_0_arm64.whl", hash = "sha256:8986de3f9620a14a415cd30e3413d6a0eb080211d637ecd1f72dd2eca3db34ab", size = 760961, upload-time = "2026-07-27T18:13:08.233Z" },
    { url = "https://files.pythonhosted.org/packages/e8/17/7888255ac3919b25899b38c85e466254ae8086822daa033aec429cfd7e5f/hypothesis-6.161.7-cp313-cp313-manylinux_2_17_aarch64.manylinux2014_aarch64.whl", hash = "sha256:cc1a40d9c9e6983a629d248d178ebebbfd02799afcad98591f712db684f975e4", size = 1091355, upload-time = "2026-07-27T18:12:16.669Z" },
    { url = "https://files.pythonhosted.org/packages/bb/47/5888e2c0b217b670433b7744332abe9704509bfdcb92005d162948af45a0/hypothesis-6.161.7-cp313-cp313-manylinux_2_17_x86_64.manylinux2014_x86_64.whl", hash = "sha256:b8035e95ef52aebb205ef5a59ac61d5cf6643bccf81c4d5311a5f43e62d98719", size = 1141296, upload-time = "2026-07-27T18:11:55.178Z" },
    { url = "https://files.pythonhosted.org/packages/c4/be/27f1f1ffbac82b5816f3d8f79cab6f826c1526df14b1d63ec821f7c5bf45/hypothesis-6.161.7-cp313-cp313-musllinux_1_2_aarch64.whl", hash = "sha256:22d367ac5098b0a3b67e20716a6474fc937b756145b883bf934e47695a024a4c", size = 1264305, upload-time = "2026-07-27T18:11:44.308Z" },
    { url = "https://files.pythonhosted.org/packages/58/58/c07b71ca807fab199fbe09ca7286ae262c28175caca369d87b679dab1952/hypothesis-6.161.7-cp313-cp313-musllinux_1_2_x86_64.whl", hash = "sha256:0cc5400f97d7ba40f587f795d3b542003b4f71baa5a932959254844fe2dea2d1", size = 1308196, upload-time = "2026-07-27T18:12:07.111Z" },
    { url = "https://files.pythonhosted.org/packages/68/57/06d1f6ecab6411ee6b3cf0b5d35cdac604ee0a0883fbbad7d9b837723acc/hypothesis-6.161.7-cp313-cp313-win_amd64.whl", hash = "sha256:b7d2441ef0eda70f3cdd1f9231420cf219708dbf8f92060a46922c457b9cab37", size = 656911, upload-time = "2026-07-27T18:13:01.322Z" },
    { url = "https://files.pythonhosted.org/packages/9e/31/71aa9348107d8ee667b28937f5512d11963d09cd0e369f67376b9f22d85f/hypothesis-6.161.7-cp314-cp314-macosx_10_12_x86_64.whl", hash = "sha256:e2c6f0c756c5771afcbb944accc0b37e43d76011779ad87ef796e0e028ee5056", size = 769502, upload-time = "2026-07-27T18:12:45.481Z" },
    { url = "https://files.pythonhosted.org/packages/7a/f4/30e05cc4bdf72facec5d7ae2a36c9fc911e2dfc751d88fa128ee13212b0a/hypothesis-6.161.7-cp314-cp314-macosx_11_0_arm64.whl", hash = "sha256:8347a864f85113a289e77a542c89ce052e432be93ca3a5e601b00f7cf72b9f74", size = 761097, upload-time = "2026-07-27T18:12:19.645Z" },
    { url = "https://files.pythonhosted.org/packages/4a/86/148e5510fb9e2c56e405549c7b7c1cf04c629af733b7850cc7078b3dfdab/hypothesis-6.161.7-cp314-cp314-manylinux_2_17_aarch64.manylinux2014_aarch64.whl", hash = "sha256:ab0ba160cc7642335d589a8bc9b2175575169b872f68913b45a343278859ea02", size = 1091857, upload-time = "2026-07-27T18:12:26.766Z" },
    { url = "https://files.pythonhosted.org/packages/0d/c8/8ac4f7ba3cefe1a9d3fee6e6a65ceea45e97ee7706e7f7d47e9601c840dc/hypothesis-6.161.7-cp314-cp314-manylinux_2_17_x86_64.manylinux2014_x86_64.whl", hash = "sha256:03459377cb46149d0905da6ddfef43b049e70e3c5e200dc33ddf9724553c5ab2", size = 1141486, upload-time = "2026-07-27T18:12:43.883Z" },
    { url = "https://files.pythonhosted.org/packages/7f/1c/4c6159d5c9961314e99dbb6f847fb2936739d8dfee86c33fa01b212b65c6/hypothesis-6.161.7-cp314-cp314-musllinux_1_2_aarch64.whl", hash = "sha256:d4401afb092b3373071663bc224fc639f825f7cf15640fd12848f48db2fc94f4", size = 1264637, upload-time = "2026-07-27T18:13:04.841Z" },
    { url = "https://files.pythonhosted.org/packages/27/47/707cb41e799fd3b1d85a4b2d4b8e41fe491bcced9f2f0b38ee0513193db5/hypothesis-6.161.7-cp314-cp314-musllinux_1_2_x86_64.whl", hash = "sha256:22441d335d2a4a75e9855fa1d987f9db44ad5b64d6375e3a2527535ad0d849f3", size = 1308513, upload-time = "2026-07-27T18:12:38.837Z" },
    { url = "https://files.pythonhosted.org/packages/a3/d7/bc0e5f29d07fa40d215a158373295bcd57d145459f8baaeae140286ed0dc/hypothesis-6.161.7-cp314-cp314-pyemscripten_2026_0_wasm32.whl", hash = "sha256:0b47b83dfe6e2f85ec0b155e3173f717ce050fd6af2d0023d6457a1b1ac2f9b4", size = 601020, upload-time = "2026-07-27T18:11:50.586Z" },
    { url = "https://files.pythonhosted.org/packages/5a/58/b43ec34450aba17cfc168a9c213888f9f4d8835c84264c22e0251d37855b/hypothesis-6.161.7-cp314-cp314-win_amd64.whl", hash = "sha256:034f03dc280603b205496d4ba5c1565b1d66c67be989db122a68886a65e03ed0", size = 656846, upload-time = "2026-07-27T18:12:46.88Z" },
    { url = "https://files.pythonhosted.org/packages/35/2d/47a700432311f8f514349eebe6145ce808cece51db1911a75010adb9f3f8/hypothesis-6.161.7-cp314-cp314t-macosx_10_12_x86_64.whl", hash = "sha256:69833f94dbf68251c49d8bd43fcc895f5ac3afbb34d88d3e24adfa165006efb7", size = 768080, upload-time = "2026-07-27T18:12:32.623Z" },
    { url = "https://files.pythonhosted.org/packages/1f/fa/833380a4392a5b1bee8116149694d9e13775a178e6f73eda45a21cd6cea2/hypothesis-6.161.7-cp314-cp314t-macosx_11_0_arm64.whl", hash = "sha256:64d8c43ed7bb2f0f6b3ee6b342ceb881b2f9ac0377a21db67180a8f128022afe", size = 759563, upload-time = "2026-07-27T18:12:42.053Z" },
    { url = "https://files.pythonhosted.org/packages/3d/92/36daaca150d7fc3d5c86c0e012474052ea3c8c51ee2d08a53bb5d8b0e9c7/hypothesis-6.161.7-cp314-cp314t-manylinux_2_17_aarch64.manylinux2014_aarch64.whl", hash = "sha256:a992bbedae668dd94bede2a00695343512cf51fb85415960c61fda8d60c2fa00", size = 1090452, upload-time = "2026-07-27T18:12:25.312Z" },
    { url = "https://files.pythonhosted.org/packages/e2/2b/5a2f18365fa069e032b7f69ab27e4c44e51feba4cb7bd8adb87dc833683e/hypothesis-6.161.7-cp314-cp314t-manylinux_2_17_x86_64.manylinux2014_x86_64.whl", hash = "sha256:f32a31e1885a2c76f3ad1b413ae0d92bdc1fb1616dca50f2a58c13710a357171", size = 1140367, upload-time = "2026-07-27T18:12:15.12Z" },
    { url = "https://files.pythonhosted.org/packages/40/4c/54adfae7bfc88f4f26245c03aa345ef28ec96ff297f6a425fe2e20caccb0/hypothesis-6.161.7-cp314-cp314t-musllinux_1_2_aarch64.whl", hash = "sha256:041ade886941f9e98791e4938f54ec7b601b3741dfa45e1fac974b4055e112bf", size = 1262873, upload-time = "2026-07-27T18:12:29.777Z" },
    { url = "https://files.pythonhosted.org/packages/bc/de/9dc5f442ed9c50f560ad81eed991b91e1c3186c76c5abb52fcb071f011c5/hypothesis-6.161.7-cp314-cp314t-musllinux_1_2_x86_64.whl", hash = "sha256:3d7695600bab7a2c65a1c89c7cfe19bb01325ac1bc81108523ce7ad5cabb3b59", size = 1307255, upload-time = "2026-07-27T18:12:51.423Z" },
    { url = "https://files.pythonhosted.org/packages/c7/d1/8509bc3e3800f5662cd0a90bb7a0a6669d9cfb8a3947e8bcfc9a2a8bb549/hypothesis-6.161.7-cp314-cp314t-win_amd64.whl", hash = "sha256:7bcfd4f804aa9398f7413d85670fe674c2a0ba7b92d2493756f40c2263fa4096", size = 656993, upload-time = "2026-07-27T18:12:35.742Z" },
    { url = "https://files.pythonhosted.org/packages/56/ae/03e3d9c53ad98a1205120db4c08fbf9e897554ad7689603be9d96f968364/hypothesis-6.161.7-pp311-pypy311_pp73-macosx_10_12_x86_64.whl", hash = "sha256:e533f18705d90a28e151efd3d8857b62b8f1f9fc47d3957d6877ed66b031ae1c", size = 769192, upload-time = "2026-07-27T18:11:52.971Z" },
    { url = "https://files.pythonhosted.org/packages/b1/79/1cca62a660fe9d101635891ebcf06d74664f63cb4e9ffc7af0ae3b3f9371/hypothesis-6.161.7-pp311-pypy311_pp73-macosx_11_0_arm64.whl", hash = "sha256:079c52933b7956acc2f4d34a1a5321a75d6eaf1dfe44b393e7eed77e528afc8f", size = 765083, upload-time = "2026-07-27T18:13:03.161Z" },
    { url = "https://files.pythonhosted.org/packages/ba/82/f12733c590ab1157a74cc34508ba7aa022d8396a9e51825a013aa2ac7139/hypothesis-6.161.7-pp311-pypy311_pp73-manylinux_2_17_aarch64.manylinux2014_aarch64.whl", hash = "sha256:2b0a465710b68a18109a2037e4681ea7e453f7f37744a4e502a1ac1f61bf22e6", size = 1093960, upload-time = "2026-07-27T18:11:48.105Z" },
    { url = "https://files.pythonhosted.org/packages/a8/d6/3bb8000fd29e486eaf967b7816986fbef69c8f8b4ed5bc338fa5e7d6347d/hypothesis-6.161.7-pp311-pypy311_pp73-manylinux_2_17_x86_64.manylinux2014_x86_64.whl", hash = "sha256:94e936230dd7605549a4c47763b72886b86b89f537be642ea16965c2817c9b91", size = 1143735, upload-time = "2026-07-27T18:12:22.518Z" },
    { url = "https://files.pythonhosted.org/packages/59/79/36909282bab17cc5e1a84cae0034304de6569b9356875779d3507780c3d0/hypothesis-6.161.7-pp311-pypy311_pp73-win_amd64.whl", hash = "sha256:cf635b84317582748ec89c640bf50783fdd1b7d8b37954ea68940d32699f6634", size = 660627, upload-time = "2026-07-27T18:11:57.664Z" },
]

[[package]]
name = "iniconfig"
version = "2.3.0"
source = { registry = "https://pypi.org/simple" }
sdist = { url = "https://files.pythonhosted.org/packages/72/34/14ca021ce8e5dfedc35312d08ba8bf51fdd999c576889fc2c24cb97f4f10/iniconfig-2.3.0.tar.gz", hash = "sha256:c76315c77db068650d49c5b56314774a7804df16fee4402c1f19d6d15d8c4730", size = 20503, upload-time = "2025-10-18T21:55:43.219Z" }
wheels = [
    { url = "https://files.pythonhosted.org/packages/cb/b1/3846dd7f199d53cb17f49cba7e651e9ce294d8497c8c150530ed11865bb8/iniconfig-2.3.0-py3-none-any.whl", hash = "sha256:f631c04d2c48c52b84d0d0549c99ff3859c98df65b3101406327ecc7d53fbf12", size = 7484, upload-time = "2025-10-18T21:55:41.639Z" },
]

[[package]]
name = "packaging"
version = "26.2"
source = { registry = "https://pypi.org/simple" }
sdist = { url = "https://files.pythonhosted.org/packages/d7/f1/e7a6dd94a8d4a5626c03e4e99c87f241ba9e350cd9e6d75123f992427270/packaging-26.2.tar.gz", hash = "sha256:ff452ff5a3e828ce110190feff1178bb1f2ea2281fa2075aadb987c2fb221661", size = 228134, upload-time = "2026-04-24T20:15:23.917Z" }
wheels = [
    { url = "https://files.pythonhosted.org/packages/df/b2/87e62e8c3e2f4b32e5fe99e0b86d576da1312593b39f47d8ceef365e95ed/packaging-26.2-py3-none-any.whl", hash = "sha256:5fc45236b9446107ff2415ce77c807cee2862cb6fac22b8a73826d0693b0980e", size = 100195, upload-time = "2026-04-24T20:15:22.081Z" },
]

[[package]]
name = "pluggy"
version = "1.6.0"
source = { registry = "https://pypi.org/simple" }
sdist = { url = "https://files.pythonhosted.org/packages/f9/e2/3e91f31a7d2b083fe6ef3fa267035b518369d9511ffab804f839851d2779/pluggy-1.6.0.tar.gz", hash = "sha256:7dcc130b76258d33b90f61b658791dede3486c3e6bfb003ee5c9bfb396dd22f3", size = 69412, upload-time = "2025-05-15T12:30:07.975Z" }
wheels = [
    { url = "https://files.pythonhosted.org/packages/54/20/4d324d65cc6d9205fabedc306948156824eb9f0ee1633355a8f7ec5c66bf/pluggy-1.6.0-py3-none-any.whl", hash = "sha256:e920276dd6813095e9377c0bc5566d94c932c33b27a3e3945d8389c374dd4746", size = 20538, upload-time = "2025-05-15T12:30:06.134Z" },
]

[[package]]
name = "pygments"
version = "2.20.0"
source = { registry = "https://pypi.org/simple" }
sdist = { url = "https://files.pythonhosted.org/packages/c3/b2/bc9c9196916376152d655522fdcebac55e66de6603a76a02bca1b6414f6c/pygments-2.20.0.tar.gz", hash = "sha256:6757cd03768053ff99f3039c1a36d6c0aa0b263438fcab17520b30a303a82b5f", size = 4955991, upload-time = "2026-03-29T13:29:33.898Z" }
wheels = [
    { url = "https://files.pythonhosted.org/packages/f4/7e/a72dd26f3b0f4f2bf1dd8923c85f7ceb43172af56d63c7383eb62b332364/pygments-2.20.0-py3-none-any.whl", hash = "sha256:81a9e26dd42fd28a23a2d169d86d7ac03b46e2f8b59ed4698fb4785f946d0176", size = 1231151, upload-time = "2026-03-29T13:29:30.038Z" },
]

[[package]]
name = "pytest"
version = "9.1.1"
source = { registry = "https://pypi.org/simple" }
dependencies = [
    { name = "colorama", marker = "sys_platform == 'win32'" },
    { name = "iniconfig" },
    { name = "packaging" },
    { name = "pluggy" },
    { name = "pygments" },
]
sdist = { url = "https://files.pythonhosted.org/packages/e4/47/b9efed96c114afcfa3c9d3fe98a76a1d14c74a9e266d397cf6eb64be5e01/pytest-9.1.1.tar.gz", hash = "sha256:1088fbde8f2b49d95a549a195707afa7a76a3ce9bcadc26b6d71f0ffda5fe313", size = 1636369, upload-time = "2026-06-19T10:58:32.857Z" }
wheels = [
    { url = "https://files.pythonhosted.org/packages/24/25/1de2678b631f5a49215c6c96fff41ba892b0a34df68d6d80292b1b48aa7f/pytest-9.1.1-py3-none-any.whl", hash = "sha256:37a86b45efb9a47a61a36449063e8e18d0cab3161329fc099eb21783169c4f0c", size = 386536, upload-time = "2026-06-19T10:58:31.347Z" },
]

[[package]]
name = "sortedcontainers"
version = "2.4.0"
source = { registry = "https://pypi.org/simple" }
sdist = { url = "https://files.pythonhosted.org/packages/e8/c4/ba2f8066cceb6f23394729afe52f3bf7adec04bf9ed2c820b39e19299111/sortedcontainers-2.4.0.tar.gz", hash = "sha256:25caa5a06cc30b6b83d11423433f65d1f9d76c4c6a0c90e3379eaa43b9bfdb88", size = 30594, upload-time = "2021-05-16T22:03:42.897Z" }
wheels = [
    { url = "https://files.pythonhosted.org/packages/32/46/9cb0e58b2deb7f82b84065f37f3bffeb12413f947f9388e4cac22c4621ce/sortedcontainers-2.4.0-py2.py3-none-any.whl", hash = "sha256:a163dcaede0f1c021485e957a39245190e74249897e2ae4b2aa38595db237ee0", size = 29575, upload-time = "2021-05-16T22:03:41.177Z" },
]
